
Microsoft Visual Studio Solution File, Format Version 12.00
# Visual Studio Version 16
VisualStudioVersion = 16.0.31112.23
MinimumVisualStudioVersion = 10.0.40219.1
Project("{8BC9CEB8-8B4A-11D0-8D11-00A0C91BC942}") = "FaceDetection", "FaceDetection\FaceDetection.vcxproj", "{F202861E-F403-4003-9CB5-EDEF4BA4CEF1}"
EndProject
Project("{8BC9CEB8-8B4A-11D0-8D11-00A0C91BC942}") = "FD_OpenCV_DNN", "FD_OpenCV_DNN\FD_OpenCV_DNN.vcxproj", "{4A1BAD7E-B237-414C-9831-19DB01ED1B1D}"
EndProject
Project("{8BC9CEB8-8B4A-11D0-8D11-00A0C91BC942}") = "FD_LibTorch", "FD_LibTorch\FD_LibTorch.vcxproj", "{A5017C0A-2643-4934-94C2-8C2C3D5AE38E}"
EndProject
Global
	GlobalSection(SolutionConfigurationPlatforms) = preSolution
		Debug|x64 = Debug|x64
		Debug|x86 = Debug|x86
		Release|x64 = Release|x64
		Release|x86 = Release|x86
	EndGlobalSection
	GlobalSection(ProjectConfigurationPlatforms) = postSolution
		{F202861E-F403-4003-9CB5-EDEF4BA4CEF1}.Debug|x64.ActiveCfg = Debug|x64
		{F202861E-F403-4003-9CB5-EDEF4BA4CEF1}.Debug|x64.Build.0 = Debug|x64
		{F202861E-F403-4003-9CB5-EDEF4BA4CEF1}.Debug|x86.ActiveCfg = Debug|Win32
		{F202861E-F403-4003-9CB5-EDEF4BA4CEF1}.Debug|x86.Build.0 = Debug|Win32
		{F202861E-F403-4003-9CB5-EDEF4BA4CEF1}.Release|x64.ActiveCfg = Release|x64
		{F202861E-F403-4003-9CB5-EDEF4BA4CEF1}.Release|x64.Build.0 = Release|x64
		{F202861E-F403-4003-9CB5-EDEF4BA4CEF1}.Release|x86.ActiveCfg = Release|Win32
		{F202861E-F403-4003-9CB5-EDEF4BA4CEF1}.Release|x86.Build.0 = Release|Win32
		{4A1BAD7E-B237-414C-9831-19DB01ED1B1D}.Debug|x64.ActiveCfg = Debug|x64
		{4A1BAD7E-B237-414C-9831-19DB01ED1B1D}.Debug|x64.Build.0 = Debug|x64
		{4A1BAD7E-B237-414C-9831-19DB01ED1B1D}.Debug|x86.ActiveCfg = Debug|Win32
		{4A1BAD7E-B237-414C-9831-19DB01ED1B1D}.Debug|x86.Build.0 = Debug|Win32
		{4A1BAD7E-B237-414C-9831-19DB01ED1B1D}.Release|x64.ActiveCfg = Release|x64
		{4A1BAD7E-B237-414C-9831-19DB01ED1B1D}.Release|x64.Build.0 = Release|x64
		{4A1BAD7E-B237-414C-9831-19DB01ED1B1D}.Release|x86.ActiveCfg = Release|Win32
		{4A1BAD7E-B237-414C-9831-19DB01ED1B1D}.Release|x86.Build.0 = Release|Win32
		{A5017C0A-2643-4934-94C2-8C2C3D5AE38E}.Debug|x64.ActiveCfg = Debug|x64
		{A5017C0A-2643-4934-94C2-8C2C3D5AE38E}.Debug|x64.Build.0 = Debug|x64
		{A5017C0A-2643-4934-94C2-8C2C3D5AE38E}.Debug|x86.ActiveCfg = Debug|Win32
		{A5017C0A-2643-4934-94C2-8C2C3D5AE38E}.Debug|x86.Build.0 = Debug|Win32
		{A5017C0A-2643-4934-94C2-8C2C3D5AE38E}.Release|x64.ActiveCfg = Release|x64
		{A5017C0A-2643-4934-94C2-8C2C3D5AE38E}.Release|x64.Build.0 = Release|x64
		{A5017C0A-2643-4934-94C2-8C2C3D5AE38E}.Release|x86.ActiveCfg = Release|Win32
		{A5017C0A-2643-4934-94C2-8C2C3D5AE38E}.Release|x86.Build.0 = Release|Win32
	EndGlobalSection
	GlobalSection(SolutionProperties) = preSolution
		HideSolutionNode = FALSE
	EndGlobalSection
	GlobalSection(ExtensibilityGlobals) = postSolution
		SolutionGuid = {C250621B-1AC2-401A-B9B5-A28324FDDEE4}
	EndGlobalSection
EndGlobal
